
Microsoft Visual Studio Solution File, Format Version 12.00
# Visual Studio Version 16
VisualStudioVersion = 16.0.31321.278
MinimumVisualStudioVersion = 10.0.40219.1
Project("{2150E333-8FDC-42A3-9474-1A3956D46DE8}") = "01.Services", "01.Services", "{E20DB81A-7AAE-4B25-8592-52EC0CA409BD}"
EndProject
Project("{2150E333-8FDC-42A3-9474-1A3956D46DE8}") = "01.Currency", "01.Currency", "{98538279-3C4B-4273-BBBF-DB19ADD19700}"
EndProject
Project("{9A19103F-16F7-4668-BE54-9A1E7A4F7556}") = "Currency.Api", "src\Currency.Api\Currency.Api\Currency.Api.csproj", "{4D39895D-C213-481F-9176-A05C558B8857}"
EndProject
Project("{2150E333-8FDC-42A3-9474-1A3956D46DE8}") = "01.API", "01.API", "{EABEA4CB-8E8C-4AB6-A8A3-1D2D5D2E7F11}"
EndProject
Project("{2150E333-8FDC-42A3-9474-1A3956D46DE8}") = "02.Models", "02.Models", "{E1E4CDBD-1B7F-493F-BB52-057046CFD9F9}"
EndProject
Project("{9A19103F-16F7-4668-BE54-9A1E7A4F7556}") = "Currency.Domain", "src\Currrency.Domain\Currency.Domain\Currency.Domain.csproj", "{93B7E425-1867-4F21-BE0C-72846D8314EF}"
EndProject
Project("{2150E333-8FDC-42A3-9474-1A3956D46DE8}") = "04.Persistence", "04.Persistence", "{6E94F86E-4E44-40CB-9D68-16D6B6800FB0}"
EndProject
Project("{9A19103F-16F7-4668-BE54-9A1E7A4F7556}") = "Currency.Database", "src\Currency.Database\Currency.Database\Currency.Database.csproj", "{77F1B737-0921-4A91-9D25-6BA714601D49}"
EndProject
Project("{2150E333-8FDC-42A3-9474-1A3956D46DE8}") = "03.Services", "03.Services", "{BC342683-1B8F-47BD-ADD7-03E279E8FFC8}"
EndProject
Project("{9A19103F-16F7-4668-BE54-9A1E7A4F7556}") = "Currrency.Proxies", "src\Currency.Service\Currrency.Proxies\Currrency.Proxies.csproj", "{EF4DB4C7-D0C1-4A55-876C-63372E66F122}"
EndProject
Project("{2150E333-8FDC-42A3-9474-1A3956D46DE8}") = "05.Common", "05.Common", "{4D361626-C2D6-4B0C-AD32-507C53E935C4}"
EndProject
Project("{9A19103F-16F7-4668-BE54-9A1E7A4F7556}") = "Currency.Common", "src\Currrency.Domain\Currency.Common\Currency.Common.csproj", "{DC2EBD44-3AC0-4108-B1A0-98776A83708E}"
EndProject
Project("{9A19103F-16F7-4668-BE54-9A1E7A4F7556}") = "Currency.Service.EventHandlers", "src\Currency.Service\Currency.Service.EventHandlers\Currency.Service.EventHandlers.csproj", "{D0DB703B-6894-4ECE-A6C4-1FA81C44000D}"
EndProject
Project("{9A19103F-16F7-4668-BE54-9A1E7A4F7556}") = "Currency.Service.Queries", "src\Currency.Service\Currency.Service.Queries\Currency.Service.Queries.csproj", "{0CB6B365-5DF1-48C6-9974-A5900ED2A77E}"
EndProject
Project("{2150E333-8FDC-42A3-9474-1A3956D46DE8}") = "06.Test", "06.Test", "{EBC4CD1A-A671-4DC9-AF93-E55AB8AE6D3E}"
EndProject
Project("{FAE04EC0-301F-11D3-BF4B-00C04F79EFBC}") = "Currency.Tests", "src\Currency.Test\Currency.Tests\Currency.Tests.csproj", "{46901C76-7AA7-44BC-B9DB-8B437FA4DE41}"
EndProject
Global
	GlobalSection(SolutionConfigurationPlatforms) = preSolution
		Debug|Any CPU = Debug|Any CPU
		Release|Any CPU = Release|Any CPU
	EndGlobalSection
	GlobalSection(ProjectConfigurationPlatforms) = postSolution
		{4D39895D-C213-481F-9176-A05C558B8857}.Debug|Any CPU.ActiveCfg = Debug|Any CPU
		{4D39895D-C213-481F-9176-A05C558B8857}.Debug|Any CPU.Build.0 = Debug|Any CPU
		{4D39895D-C213-481F-9176-A05C558B8857}.Release|Any CPU.ActiveCfg = Release|Any CPU
		{4D39895D-C213-481F-9176-A05C558B8857}.Release|Any CPU.Build.0 = Release|Any CPU
		{93B7E425-1867-4F21-BE0C-72846D8314EF}.Debug|Any CPU.ActiveCfg = Debug|Any CPU
		{93B7E425-1867-4F21-BE0C-72846D8314EF}.Debug|Any CPU.Build.0 = Debug|Any CPU
		{93B7E425-1867-4F21-BE0C-72846D8314EF}.Release|Any CPU.ActiveCfg = Release|Any CPU
		{93B7E425-1867-4F21-BE0C-72846D8314EF}.Release|Any CPU.Build.0 = Release|Any CPU
		{77F1B737-0921-4A91-9D25-6BA714601D49}.Debug|Any CPU.ActiveCfg = Debug|Any CPU
		{77F1B737-0921-4A91-9D25-6BA714601D49}.Debug|Any CPU.Build.0 = Debug|Any CPU
		{77F1B737-0921-4A91-9D25-6BA714601D49}.Release|Any CPU.ActiveCfg = Release|Any CPU
		{77F1B737-0921-4A91-9D25-6BA714601D49}.Release|Any CPU.Build.0 = Release|Any CPU
		{EF4DB4C7-D0C1-4A55-876C-63372E66F122}.Debug|Any CPU.ActiveCfg = Debug|Any CPU
		{EF4DB4C7-D0C1-4A55-876C-63372E66F122}.Debug|Any CPU.Build.0 = Debug|Any CPU
		{EF4DB4C7-D0C1-4A55-876C-63372E66F122}.Release|Any CPU.ActiveCfg = Release|Any CPU
		{EF4DB4C7-D0C1-4A55-876C-63372E66F122}.Release|Any CPU.Build.0 = Release|Any CPU
		{DC2EBD44-3AC0-4108-B1A0-98776A83708E}.Debug|Any CPU.ActiveCfg = Debug|Any CPU
		{DC2EBD44-3AC0-4108-B1A0-98776A83708E}.Debug|Any CPU.Build.0 = Debug|Any CPU
		{DC2EBD44-3AC0-4108-B1A0-98776A83708E}.Release|Any CPU.ActiveCfg = Release|Any CPU
		{DC2EBD44-3AC0-4108-B1A0-98776A83708E}.Release|Any CPU.Build.0 = Release|Any CPU
		{D0DB703B-6894-4ECE-A6C4-1FA81C44000D}.Debug|Any CPU.ActiveCfg = Debug|Any CPU
		{D0DB703B-6894-4ECE-A6C4-1FA81C44000D}.Debug|Any CPU.Build.0 = Debug|Any CPU
		{D0DB703B-6894-4ECE-A6C4-1FA81C44000D}.Release|Any CPU.ActiveCfg = Release|Any CPU
		{D0DB703B-6894-4ECE-A6C4-1FA81C44000D}.Release|Any CPU.Build.0 = Release|Any CPU
		{0CB6B365-5DF1-48C6-9974-A5900ED2A77E}.Debug|Any CPU.ActiveCfg = Debug|Any CPU
		{0CB6B365-5DF1-48C6-9974-A5900ED2A77E}.Debug|Any CPU.Build.0 = Debug|Any CPU
		{0CB6B365-5DF1-48C6-9974-A5900ED2A77E}.Release|Any CPU.ActiveCfg = Release|Any CPU
		{0CB6B365-5DF1-48C6-9974-A5900ED2A77E}.Release|Any CPU.Build.0 = Release|Any CPU
		{46901C76-7AA7-44BC-B9DB-8B437FA4DE41}.Debug|Any CPU.ActiveCfg = Debug|Any CPU
		{46901C76-7AA7-44BC-B9DB-8B437FA4DE41}.Debug|Any CPU.Build.0 = Debug|Any CPU
		{46901C76-7AA7-44BC-B9DB-8B437FA4DE41}.Release|Any CPU.ActiveCfg = Release|Any CPU
		{46901C76-7AA7-44BC-B9DB-8B437FA4DE41}.Release|Any CPU.Build.0 = Release|Any CPU
	EndGlobalSection
	GlobalSection(SolutionProperties) = preSolution
		HideSolutionNode = FALSE
	EndGlobalSection
	GlobalSection(NestedProjects) = preSolution
		{98538279-3C4B-4273-BBBF-DB19ADD19700} = {E20DB81A-7AAE-4B25-8592-52EC0CA409BD}
		{4D39895D-C213-481F-9176-A05C558B8857} = {EABEA4CB-8E8C-4AB6-A8A3-1D2D5D2E7F11}
		{EABEA4CB-8E8C-4AB6-A8A3-1D2D5D2E7F11} = {98538279-3C4B-4273-BBBF-DB19ADD19700}
		{E1E4CDBD-1B7F-493F-BB52-057046CFD9F9} = {98538279-3C4B-4273-BBBF-DB19ADD19700}
		{93B7E425-1867-4F21-BE0C-72846D8314EF} = {E1E4CDBD-1B7F-493F-BB52-057046CFD9F9}
		{6E94F86E-4E44-40CB-9D68-16D6B6800FB0} = {98538279-3C4B-4273-BBBF-DB19ADD19700}
		{77F1B737-0921-4A91-9D25-6BA714601D49} = {6E94F86E-4E44-40CB-9D68-16D6B6800FB0}
		{BC342683-1B8F-47BD-ADD7-03E279E8FFC8} = {98538279-3C4B-4273-BBBF-DB19ADD19700}
		{EF4DB4C7-D0C1-4A55-876C-63372E66F122} = {BC342683-1B8F-47BD-ADD7-03E279E8FFC8}
		{4D361626-C2D6-4B0C-AD32-507C53E935C4} = {98538279-3C4B-4273-BBBF-DB19ADD19700}
		{DC2EBD44-3AC0-4108-B1A0-98776A83708E} = {4D361626-C2D6-4B0C-AD32-507C53E935C4}
		{D0DB703B-6894-4ECE-A6C4-1FA81C44000D} = {BC342683-1B8F-47BD-ADD7-03E279E8FFC8}
		{0CB6B365-5DF1-48C6-9974-A5900ED2A77E} = {BC342683-1B8F-47BD-ADD7-03E279E8FFC8}
		{EBC4CD1A-A671-4DC9-AF93-E55AB8AE6D3E} = {98538279-3C4B-4273-BBBF-DB19ADD19700}
		{46901C76-7AA7-44BC-B9DB-8B437FA4DE41} = {EBC4CD1A-A671-4DC9-AF93-E55AB8AE6D3E}
	EndGlobalSection
	GlobalSection(ExtensibilityGlobals) = postSolution
		SolutionGuid = {3F05B853-5CE4-4A10-98F6-4C04C36F73FB}
	EndGlobalSection
EndGlobal
